
Microsoft Visual Studio Solution File, Format Version 12.00
# Visual Studio Version 16
VisualStudioVersion = 16.0.30204.135
MinimumVisualStudioVersion = 10.0.40219.1
Project("{8BC9CEB8-8B4A-11D0-8D11-00A0C91BC942}") = "weighted_graph", "weighted_graph\weighted_graph.vcxproj", "{878309CC-7BB4-4280-9612-49F4BF68BABE}"
EndProject
Project("{8BC9CEB8-8B4A-11D0-8D11-00A0C91BC942}") = "test", "test\test.vcxproj", "{AF3D650F-5DAC-45B1-B24A-44A9416AF2E1}"
EndProject
Global
	GlobalSection(SolutionConfigurationPlatforms) = preSolution
		Debug|x64 = Debug|x64
		Debug|x86 = Debug|x86
		Release|x64 = Release|x64
		Release|x86 = Release|x86
	EndGlobalSection
	GlobalSection(ProjectConfigurationPlatforms) = postSolution
		{878309CC-7BB4-4280-9612-49F4BF68BABE}.Debug|x64.ActiveCfg = Debug|x64
		{878309CC-7BB4-4280-9612-49F4BF68BABE}.Debug|x64.Build.0 = Debug|x64
		{878309CC-7BB4-4280-9612-49F4BF68BABE}.Debug|x86.ActiveCfg = Debug|Win32
		{878309CC-7BB4-4280-9612-49F4BF68BABE}.Debug|x86.Build.0 = Debug|Win32
		{878309CC-7BB4-4280-9612-49F4BF68BABE}.Release|x64.ActiveCfg = Release|x64
		{878309CC-7BB4-4280-9612-49F4BF68BABE}.Release|x64.Build.0 = Release|x64
		{878309CC-7BB4-4280-9612-49F4BF68BABE}.Release|x86.ActiveCfg = Release|Win32
		{878309CC-7BB4-4280-9612-49F4BF68BABE}.Release|x86.Build.0 = Release|Win32
		{AF3D650F-5DAC-45B1-B24A-44A9416AF2E1}.Debug|x64.ActiveCfg = Debug|x64
		{AF3D650F-5DAC-45B1-B24A-44A9416AF2E1}.Debug|x64.Build.0 = Debug|x64
		{AF3D650F-5DAC-45B1-B24A-44A9416AF2E1}.Debug|x86.ActiveCfg = Debug|Win32
		{AF3D650F-5DAC-45B1-B24A-44A9416AF2E1}.Debug|x86.Build.0 = Debug|Win32
		{AF3D650F-5DAC-45B1-B24A-44A9416AF2E1}.Release|x64.ActiveCfg = Release|x64
		{AF3D650F-5DAC-45B1-B24A-44A9416AF2E1}.Release|x64.Build.0 = Release|x64
		{AF3D650F-5DAC-45B1-B24A-44A9416AF2E1}.Release|x86.ActiveCfg = Release|Win32
		{AF3D650F-5DAC-45B1-B24A-44A9416AF2E1}.Release|x86.Build.0 = Release|Win32
	EndGlobalSection
	GlobalSection(SolutionProperties) = preSolution
		HideSolutionNode = FALSE
	EndGlobalSection
	GlobalSection(ExtensibilityGlobals) = postSolution
		SolutionGuid = {59CEDDEF-C228-415D-A53B-3268A6B3B8F8}
	EndGlobalSection
EndGlobal
